// !$*UTF8*$!
{
	archiveVersion = 1;
	classes = {
	};
	objectVersion = 50;
	objects = {

/* Begin PBXBuildFile section */
		A6F694CD256CAE3100BC64F0 /* WeatherWidgetExampleApp.swift in Sources */ = {isa = PBXBuildFile; fileRef = A6F694CC256CAE3100BC64F0 /* WeatherWidgetExampleApp.swift */; };
		A6F694CF256CAE3100BC64F0 /* ContentView.swift in Sources */ = {isa = PBXBuildFile; fileRef = A6F694CE256CAE3100BC64F0 /* ContentView.swift */; };
		A6F694D1256CAE3300BC64F0 /* Assets.xcassets in Resources */ = {isa = PBXBuildFile; fileRef = A6F694D0256CAE3300BC64F0 /* Assets.xcassets */; };
		A6F694D4256CAE3300BC64F0 /* Preview Assets.xcassets in Resources */ = {isa = PBXBuildFile; fileRef = A6F694D3256CAE3300BC64F0 /* Preview Assets.xcassets */; };
		A6F694E3256CAE7600BC64F0 /* WidgetKit.framework in Frameworks */ = {isa = PBXBuildFile; fileRef = A6F694E2256CAE7600BC64F0 /* WidgetKit.framework */; };
		A6F694E5256CAE7600BC64F0 /* SwiftUI.framework in Frameworks */ = {isa = PBXBuildFile; fileRef = A6F694E4256CAE7600BC64F0 /* SwiftUI.framework */; };
		A6F694EA256CAE7800BC64F0 /* Assets.xcassets in Resources */ = {isa = PBXBuildFile; fileRef = A6F694E9256CAE7800BC64F0 /* Assets.xcassets */; };
		A6F694EE256CAE7800BC64F0 /* WeatherWidgetExtension.appex in Embed App Extensions */ = {isa = PBXBuildFile; fileRef = A6F694E0256CAE7600BC64F0 /* WeatherWidgetExtension.appex */; settings = {ATTRIBUTES = (RemoveHeadersOnCopy, ); }; };
		A6F694FC256CAEDA00BC64F0 /* Weather.swift in Sources */ = {isa = PBXBuildFile; fileRef = A6F694FB256CAEDA00BC64F0 /* Weather.swift */; };
		A6F69502256CAFE800BC64F0 /* WeatherEntry.swift in Sources */ = {isa = PBXBuildFile; fileRef = A6F69501256CAFE800BC64F0 /* WeatherEntry.swift */; };
		A6F69506256CB06200BC64F0 /* WeatherService.swift in Sources */ = {isa = PBXBuildFile; fileRef = A6F69505256CB06200BC64F0 /* WeatherService.swift */; };
		A6F6950A256CB1A800BC64F0 /* WeatherResponse.swift in Sources */ = {isa = PBXBuildFile; fileRef = A6F69509256CB1A800BC64F0 /* WeatherResponse.swift */; };
		A6F6950E256CB39600BC64F0 /* WeatherTimeline.swift in Sources */ = {isa = PBXBuildFile; fileRef = A6F6950D256CB39600BC64F0 /* WeatherTimeline.swift */; };
		A6F69514256CE1F500BC64F0 /* WeatherEntryView.swift in Sources */ = {isa = PBXBuildFile; fileRef = A6F69513256CE1F500BC64F0 /* WeatherEntryView.swift */; };
		A6F69518256CE46200BC64F0 /* Date+Extensions.swift in Sources */ = {isa = PBXBuildFile; fileRef = A6F69517256CE46200BC64F0 /* Date+Extensions.swift */; };
		A6F69520256CE7D400BC64F0 /* WeatherWidget.swift in Sources */ = {isa = PBXBuildFile; fileRef = A6F6951F256CE7D400BC64F0 /* WeatherWidget.swift */; };
/* End PBXBuildFile section */

/* Begin PBXContainerItemProxy section */
		A6F694EC256CAE7800BC64F0 /* PBXContainerItemProxy */ = {
			isa = PBXContainerItemProxy;
			containerPortal = A6F694C1256CAE3100BC64F0 /* Project object */;
			proxyType = 1;
			remoteGlobalIDString = A6F694DF256CAE7600BC64F0;
			remoteInfo = WeatherWidgetExtension;
		};
/* End PBXContainerItemProxy section */

/* Begin PBXCopyFilesBuildPhase section */
		A6F694F2256CAE7800BC64F0 /* Embed App Extensions */ = {
			isa = PBXCopyFilesBuildPhase;
			buildActionMask = 2147483647;
			dstPath = "";
			dstSubfolderSpec = 13;
			files = (
				A6F694EE256CAE7800BC64F0 /* WeatherWidgetExtension.appex in Embed App Extensions */,
			);
			name = "Embed App Extensions";
			runOnlyForDeploymentPostprocessing = 0;
		};
/* End PBXCopyFilesBuildPhase section */

/* Begin PBXFileReference section */
		A6F694C9256CAE3100BC64F0 /* WeatherWidgetExample.app */ = {isa = PBXFileReference; explicitFileType = wrapper.application; includeInIndex = 0; path = WeatherWidgetExample.app; sourceTree = BUILT_PRODUCTS_DIR; };
		A6F694CC256CAE3100BC64F0 /* WeatherWidgetExampleApp.swift */ = {isa = PBXFileReference; lastKnownFileType = sourcecode.swift; path = WeatherWidgetExampleApp.swift; sourceTree = "<group>"; };
		A6F694CE256CAE3100BC64F0 /* ContentView.swift */ = {isa = PBXFileReference; lastKnownFileType = sourcecode.swift; path = ContentView.swift; sourceTree = "<group>"; };
		A6F694D0256CAE3300BC64F0 /* Assets.xcassets */ = {isa = PBXFileReference; lastKnownFileType = folder.assetcatalog; path = Assets.xcassets; sourceTree = "<group>"; };
		A6F694D3256CAE3300BC64F0 /* Preview Assets.xcassets */ = {isa = PBXFileReference; lastKnownFileType = folder.assetcatalog; path = "Preview Assets.xcassets"; sourceTree = "<group>"; };
		A6F694D5256CAE3300BC64F0 /* Info.plist */ = {isa = PBXFileReference; lastKnownFileType = text.plist.xml; path = Info.plist; sourceTree = "<group>"; };
		A6F694E0256CAE7600BC64F0 /* WeatherWidgetExtension.appex */ = {isa = PBXFileReference; explicitFileType = "wrapper.app-extension"; includeInIndex = 0; path = WeatherWidgetExtension.appex; sourceTree = BUILT_PRODUCTS_DIR; };
		A6F694E2256CAE7600BC64F0 /* WidgetKit.framework */ = {isa = PBXFileReference; lastKnownFileType = wrapper.framework; name = WidgetKit.framework; path = System/Library/Frameworks/WidgetKit.framework; sourceTree = SDKROOT; };
		A6F694E4256CAE7600BC64F0 /* SwiftUI.framework */ = {isa = PBXFileReference; lastKnownFileType = wrapper.framework; name = SwiftUI.framework; path = System/Library/Frameworks/SwiftUI.framework; sourceTree = SDKROOT; };
		A6F694E9256CAE7800BC64F0 /* Assets.xcassets */ = {isa = PBXFileReference; lastKnownFileType = folder.assetcatalog; path = Assets.xcassets; sourceTree = "<group>"; };
		A6F694EB256CAE7800BC64F0 /* Info.plist */ = {isa = PBXFileReference; lastKnownFileType = text.plist.xml; path = Info.plist; sourceTree = "<group>"; };
		A6F694FB256CAEDA00BC64F0 /* Weather.swift */ = {isa = PBXFileReference; lastKnownFileType = sourcecode.swift; path = Weather.swift; sourceTree = "<group>"; };
		A6F69501256CAFE800BC64F0 /* WeatherEntry.swift */ = {isa = PBXFileReference; lastKnownFileType = sourcecode.swift; path = WeatherEntry.swift; sourceTree = "<group>"; };
		A6F69505256CB06200BC64F0 /* WeatherService.swift */ = {isa = PBXFileReference; lastKnownFileType = sourcecode.swift; path = WeatherService.swift; sourceTree = "<group>"; };
		A6F69509256CB1A800BC64F0 /* WeatherResponse.swift */ = {isa = PBXFileReference; lastKnownFileType = sourcecode.swift; path = WeatherResponse.swift; sourceTree = "<group>"; };
		A6F6950D256CB39600BC64F0 /* WeatherTimeline.swift */ = {isa = PBXFileReference; lastKnownFileType = sourcecode.swift; path = WeatherTimeline.swift; sourceTree = "<group>"; };
		A6F69513256CE1F500BC64F0 /* WeatherEntryView.swift */ = {isa = PBXFileReference; lastKnownFileType = sourcecode.swift; path = WeatherEntryView.swift; sourceTree = "<group>"; };
		A6F69517256CE46200BC64F0 /* Date+Extensions.swift */ = {isa = PBXFileReference; lastKnownFileType = sourcecode.swift; path = "Date+Extensions.swift"; sourceTree = "<group>"; };
		A6F6951F256CE7D400BC64F0 /* WeatherWidget.swift */ = {isa = PBXFileReference; lastKnownFileType = sourcecode.swift; path = WeatherWidget.swift; sourceTree = "<group>"; };
/* End PBXFileReference section */

/* Begin PBXFrameworksBuildPhase section */
		A6F694C6256CAE3100BC64F0 /* Frameworks */ = {
			isa = PBXFrameworksBuildPhase;
			buildActionMask = 2147483647;
			files = (
			);
			runOnlyForDeploymentPostprocessing = 0;
		};
		A6F694DD256CAE7600BC64F0 /* Frameworks */ = {
			isa = PBXFrameworksBuildPhase;
			buildActionMask = 2147483647;
			files = (
				A6F694E5256CAE7600BC64F0 /* SwiftUI.framework in Frameworks */,
				A6F694E3256CAE7600BC64F0 /* WidgetKit.framework in Frameworks */,
			);
			runOnlyForDeploymentPostprocessing = 0;
		};
/* End PBXFrameworksBuildPhase section */

/* Begin PBXGroup section */
		A6F694C0256CAE3100BC64F0 = {
			isa = PBXGroup;
			children = (
				A6F694CB256CAE3100BC64F0 /* WeatherWidgetExample */,
				A6F694E6256CAE7600BC64F0 /* WeatherWidget */,
				A6F694E1256CAE7600BC64F0 /* Frameworks */,
				A6F694CA256CAE3100BC64F0 /* Products */,
			);
			sourceTree = "<group>";
		};
		A6F694CA256CAE3100BC64F0 /* Products */ = {
			isa = PBXGroup;
			children = (
				A6F694C9256CAE3100BC64F0 /* WeatherWidgetExample.app */,
				A6F694E0256CAE7600BC64F0 /* WeatherWidgetExtension.appex */,
			);
			name = Products;
			sourceTree = "<group>";
		};
		A6F694CB256CAE3100BC64F0 /* WeatherWidgetExample */ = {
			isa = PBXGroup;
			children = (
				A6F694CC256CAE3100BC64F0 /* WeatherWidgetExampleApp.swift */,
				A6F694CE256CAE3100BC64F0 /* ContentView.swift */,
				A6F694D0256CAE3300BC64F0 /* Assets.xcassets */,
				A6F694D5256CAE3300BC64F0 /* Info.plist */,
				A6F694D2256CAE3300BC64F0 /* Preview Content */,
			);
			path = WeatherWidgetExample;
			sourceTree = "<group>";
		};
		A6F694D2256CAE3300BC64F0 /* Preview Content */ = {
			isa = PBXGroup;
			children = (
				A6F694D3256CAE3300BC64F0 /* Preview Assets.xcassets */,
			);
			path = "Preview Content";
			sourceTree = "<group>";
		};
		A6F694E1256CAE7600BC64F0 /* Frameworks */ = {
			isa = PBXGroup;
			children = (
				A6F694E2256CAE7600BC64F0 /* WidgetKit.framework */,
				A6F694E4256CAE7600BC64F0 /* SwiftUI.framework */,
			);
			name = Frameworks;
			sourceTree = "<group>";
		};
		A6F694E6256CAE7600BC64F0 /* WeatherWidget */ = {
			isa = PBXGroup;
			children = (
				A6F694FA256CAEAE00BC64F0 /* Widget */,
				A6F694F9256CAEA600BC64F0 /* Utils */,
				A6F694F8256CAEA100BC64F0 /* Services */,
				A6F694F7256CAE9C00BC64F0 /* Models */,
				A6F694F6256CAE9500BC64F0 /* Views */,
				A6F694F5256CAE8200BC64F0 /* App */,
			);
			path = WeatherWidget;
			sourceTree = "<group>";
		};
		A6F694F5256CAE8200BC64F0 /* App */ = {
			isa = PBXGroup;
			children = (
				A6F694E9256CAE7800BC64F0 /* Assets.xcassets */,
				A6F694EB256CAE7800BC64F0 /* Info.plist */,
			);
			path = App;
			sourceTree = "<group>";
		};
		A6F694F6256CAE9500BC64F0 /* Views */ = {
			isa = PBXGroup;
			children = (
				A6F69513256CE1F500BC64F0 /* WeatherEntryView.swift */,
			);
			path = Views;
			sourceTree = "<group>";
		};
		A6F694F7256CAE9C00BC64F0 /* Models */ = {
			isa = PBXGroup;
			children = (
				A6F694FB256CAEDA00BC64F0 /* Weather.swift */,
				A6F69501256CAFE800BC64F0 /* WeatherEntry.swift */,
				A6F69509256CB1A800BC64F0 /* WeatherResponse.swift */,
			);
			path = Models;
			sourceTree = "<group>";
		};
		A6F694F8256CAEA100BC64F0 /* Services */ = {
			isa = PBXGroup;
			children = (
				A6F69505256CB06200BC64F0 /* WeatherService.swift */,
			);
			path = Services;
			sourceTree = "<group>";
		};
		A6F694F9256CAEA600BC64F0 /* Utils */ = {
			isa = PBXGroup;
			children = (
				A6F69517256CE46200BC64F0 /* Date+Extensions.swift */,
			);
			path = Utils;
			sourceTree = "<group>";
		};
		A6F694FA256CAEAE00BC64F0 /* Widget */ = {
			isa = PBXGroup;
			children = (
				A6F6950D256CB39600BC64F0 /* WeatherTimeline.swift */,
				A6F6951F256CE7D400BC64F0 /* WeatherWidget.swift */,
			);
			path = Widget;
			sourceTree = "<group>";
		};
/* End PBXGroup section */

/* Begin PBXNativeTarget section */
		A6F694C8256CAE3100BC64F0 /* WeatherWidgetExample */ = {
			isa = PBXNativeTarget;
			buildConfigurationList = A6F694D8256CAE3300BC64F0 /* Build configuration list for PBXNativeTarget "WeatherWidgetExample" */;
			buildPhases = (
				A6F694C5256CAE3100BC64F0 /* Sources */,
				A6F694C6256CAE3100BC64F0 /* Frameworks */,
				A6F694C7256CAE3100BC64F0 /* Resources */,
				A6F694F2256CAE7800BC64F0 /* Embed App Extensions */,
			);
			buildRules = (
			);
			dependencies = (
				A6F694ED256CAE7800BC64F0 /* PBXTargetDependency */,
			);
			name = WeatherWidgetExample;
			productName = WeatherWidgetExample;
			productReference = A6F694C9256CAE3100BC64F0 /* WeatherWidgetExample.app */;
			productType = "com.apple.product-type.application";
		};
		A6F694DF256CAE7600BC64F0 /* WeatherWidgetExtension */ = {
			isa = PBXNativeTarget;
			buildConfigurationList = A6F694EF256CAE7800BC64F0 /* Build configuration list for PBXNativeTarget "WeatherWidgetExtension" */;
			buildPhases = (
				A6F694DC256CAE7600BC64F0 /* Sources */,
				A6F694DD256CAE7600BC64F0 /* Frameworks */,
				A6F694DE256CAE7600BC64F0 /* Resources */,
			);
			buildRules = (
			);
			dependencies = (
			);
			name = WeatherWidgetExtension;
			productName = WeatherWidgetExtension;
			productReference = A6F694E0256CAE7600BC64F0 /* WeatherWidgetExtension.appex */;
			productType = "com.apple.product-type.app-extension";
		};
/* End PBXNativeTarget section */

/* Begin PBXProject section */
		A6F694C1256CAE3100BC64F0 /* Project object */ = {
			isa = PBXProject;
			attributes = {
				LastSwiftUpdateCheck = 1200;
				LastUpgradeCheck = 1200;
				TargetAttributes = {
					A6F694C8256CAE3100BC64F0 = {
						CreatedOnToolsVersion = 12.0;
					};
					A6F694DF256CAE7600BC64F0 = {
						CreatedOnToolsVersion = 12.0;
					};
				};
			};
			buildConfigurationList = A6F694C4256CAE3100BC64F0 /* Build configuration list for PBXProject "WeatherWidgetExample" */;
			compatibilityVersion = "Xcode 9.3";
			developmentRegion = en;
			hasScannedForEncodings = 0;
			knownRegions = (
				en,
				Base,
			);
			mainGroup = A6F694C0256CAE3100BC64F0;
			productRefGroup = A6F694CA256CAE3100BC64F0 /* Products */;
			projectDirPath = "";
			projectRoot = "";
			targets = (
				A6F694C8256CAE3100BC64F0 /* WeatherWidgetExample */,
				A6F694DF256CAE7600BC64F0 /* WeatherWidgetExtension */,
			);
		};
/* End PBXProject section */

/* Begin PBXResourcesBuildPhase section */
		A6F694C7256CAE3100BC64F0 /* Resources */ = {
			isa = PBXResourcesBuildPhase;
			buildActionMask = 2147483647;
			files = (
				A6F694D4256CAE3300BC64F0 /* Preview Assets.xcassets in Resources */,
				A6F694D1256CAE3300BC64F0 /* Assets.xcassets in Resources */,
			);
			runOnlyForDeploymentPostprocessing = 0;
		};
		A6F694DE256CAE7600BC64F0 /* Resources */ = {
			isa = PBXResourcesBuildPhase;
			buildActionMask = 2147483647;
			files = (
				A6F694EA256CAE7800BC64F0 /* Assets.xcassets in Resources */,
			);
			runOnlyForDeploymentPostprocessing = 0;
		};
/* End PBXResourcesBuildPhase section */

/* Begin PBXSourcesBuildPhase section */
		A6F694C5256CAE3100BC64F0 /* Sources */ = {
			isa = PBXSourcesBuildPhase;
			buildActionMask = 2147483647;
			files = (
				A6F694CF256CAE3100BC64F0 /* ContentView.swift in Sources */,
				A6F694CD256CAE3100BC64F0 /* WeatherWidgetExampleApp.swift in Sources */,
			);
			runOnlyForDeploymentPostprocessing = 0;
		};
		A6F694DC256CAE7600BC64F0 /* Sources */ = {
			isa = PBXSourcesBuildPhase;
			buildActionMask = 2147483647;
			files = (
				A6F69506256CB06200BC64F0 /* WeatherService.swift in Sources */,
				A6F69518256CE46200BC64F0 /* Date+Extensions.swift in Sources */,
				A6F69520256CE7D400BC64F0 /* WeatherWidget.swift in Sources */,
				A6F69514256CE1F500BC64F0 /* WeatherEntryView.swift in Sources */,
				A6F6950E256CB39600BC64F0 /* WeatherTimeline.swift in Sources */,
				A6F6950A256CB1A800BC64F0 /* WeatherResponse.swift in Sources */,
				A6F694FC256CAEDA00BC64F0 /* Weather.swift in Sources */,
				A6F69502256CAFE800BC64F0 /* WeatherEntry.swift in Sources */,
			);
			runOnlyForDeploymentPostprocessing = 0;
		};
/* End PBXSourcesBuildPhase section */

/* Begin PBXTargetDependency section */
		A6F694ED256CAE7800BC64F0 /* PBXTargetDependency */ = {
			isa = PBXTargetDependency;
			target = A6F694DF256CAE7600BC64F0 /* WeatherWidgetExtension */;
			targetProxy = A6F694EC256CAE7800BC64F0 /* PBXContainerItemProxy */;
		};
/* End PBXTargetDependency section */

/* Begin XCBuildConfiguration section */
		A6F694D6256CAE3300BC64F0 /* Debug */ = {
			isa = XCBuildConfiguration;
			buildSettings = {
				ALWAYS_SEARCH_USER_PATHS = NO;
				CLANG_ANALYZER_NONNULL = YES;
				CLANG_ANALYZER_NUMBER_OBJECT_CONVERSION = YES_AGGRESSIVE;
				CLANG_CXX_LANGUAGE_STANDARD = "gnu++14";
				CLANG_CXX_LIBRARY = "libc++";
				CLANG_ENABLE_MODULES = YES;
				CLANG_ENABLE_OBJC_ARC = YES;
				CLANG_ENABLE_OBJC_WEAK = YES;
				CLANG_WARN_BLOCK_CAPTURE_AUTORELEASING = YES;
				CLANG_WARN_BOOL_CONVERSION = YES;
				CLANG_WARN_COMMA = YES;
				CLANG_WARN_CONSTANT_CONVERSION = YES;
				CLANG_WARN_DEPRECATED_OBJC_IMPLEMENTATIONS = YES;
				CLANG_WARN_DIRECT_OBJC_ISA_USAGE = YES_ERROR;
				CLANG_WARN_DOCUMENTATION_COMMENTS = YES;
				CLANG_WARN_EMPTY_BODY = YES;
				CLANG_WARN_ENUM_CONVERSION = YES;
				CLANG_WARN_INFINITE_RECURSION = YES;
				CLANG_WARN_INT_CONVERSION = YES;
				CLANG_WARN_NON_LITERAL_NULL_CONVERSION = YES;
				CLANG_WARN_OBJC_IMPLICIT_RETAIN_SELF = YES;
				CLANG_WARN_OBJC_LITERAL_CONVERSION = YES;
				CLANG_WARN_OBJC_ROOT_CLASS = YES_ERROR;
				CLANG_WARN_QUOTED_INCLUDE_IN_FRAMEWORK_HEADER = YES;
				CLANG_WARN_RANGE_LOOP_ANALYSIS = YES;
				CLANG_WARN_STRICT_PROTOTYPES = YES;
				CLANG_WARN_SUSPICIOUS_MOVE = YES;
				CLANG_WARN_UNGUARDED_AVAILABILITY = YES_AGGRESSIVE;
				CLANG_WARN_UNREACHABLE_CODE = YES;
				CLANG_WARN__DUPLICATE_METHOD_MATCH = YES;
				COPY_PHASE_STRIP = NO;
				DEBUG_INFORMATION_FORMAT = dwarf;
				ENABLE_STRICT_OBJC_MSGSEND = YES;
				ENABLE_TESTABILITY = YES;
				GCC_C_LANGUAGE_STANDARD = gnu11;
				GCC_DYNAMIC_NO_PIC = NO;
				GCC_NO_COMMON_BLOCKS = YES;
				GCC_OPTIMIZATION_LEVEL = 0;
				GCC_PREPROCESSOR_DEFINITIONS = (
					"DEBUG=1",
					"$(inherited)",
				);
				GCC_WARN_64_TO_32_BIT_CONVERSION = YES;
				GCC_WARN_ABOUT_RETURN_TYPE = YES_ERROR;
				GCC_WARN_UNDECLARED_SELECTOR = YES;
				GCC_WARN_UNINITIALIZED_AUTOS = YES_AGGRESSIVE;
				GCC_WARN_UNUSED_FUNCTION = YES;
				GCC_WARN_UNUSED_VARIABLE = YES;
				IPHONEOS_DEPLOYMENT_TARGET = 14.0;
				MTL_ENABLE_DEBUG_INFO = INCLUDE_SOURCE;
				MTL_FAST_MATH = YES;
				ONLY_ACTIVE_ARCH = YES;
				SDKROOT = iphoneos;
				SWIFT_ACTIVE_COMPILATION_CONDITIONS = DEBUG;
				SWIFT_OPTIMIZATION_LEVEL = "-Onone";
			};
			name = Debug;
		};
		A6F694D7256CAE3300BC64F0 /* Release */ = {
			isa = XCBuildConfiguration;
			buildSettings = {
				ALWAYS_SEARCH_USER_PATHS = NO;
				CLANG_ANALYZER_NONNULL = YES;
				CLANG_ANALYZER_NUMBER_OBJECT_CONVERSION = YES_AGGRESSIVE;
				CLANG_CXX_LANGUAGE_STANDARD = "gnu++14";
				CLANG_CXX_LIBRARY = "libc++";
				CLANG_ENABLE_MODULES = YES;
				CLANG_ENABLE_OBJC_ARC = YES;
				CLANG_ENABLE_OBJC_WEAK = YES;
				CLANG_WARN_BLOCK_CAPTURE_AUTORELEASING = YES;
				CLANG_WARN_BOOL_CONVERSION = YES;
				CLANG_WARN_COMMA = YES;
				CLANG_WARN_CONSTANT_CONVERSION = YES;
				CLANG_WARN_DEPRECATED_OBJC_IMPLEMENTATIONS = YES;
				CLANG_WARN_DIRECT_OBJC_ISA_USAGE = YES_ERROR;
				CLANG_WARN_DOCUMENTATION_COMMENTS = YES;
				CLANG_WARN_EMPTY_BODY = YES;
				CLANG_WARN_ENUM_CONVERSION = YES;
				CLANG_WARN_INFINITE_RECURSION = YES;
				CLANG_WARN_INT_CONVERSION = YES;
				CLANG_WARN_NON_LITERAL_NULL_CONVERSION = YES;
				CLANG_WARN_OBJC_IMPLICIT_RETAIN_SELF = YES;
				CLANG_WARN_OBJC_LITERAL_CONVERSION = YES;
				CLANG_WARN_OBJC_ROOT_CLASS = YES_ERROR;
				CLANG_WARN_QUOTED_INCLUDE_IN_FRAMEWORK_HEADER = YES;
				CLANG_WARN_RANGE_LOOP_ANALYSIS = YES;
				CLANG_WARN_STRICT_PROTOTYPES = YES;
				CLANG_WARN_SUSPICIOUS_MOVE = YES;
				CLANG_WARN_UNGUARDED_AVAILABILITY = YES_AGGRESSIVE;
				CLANG_WARN_UNREACHABLE_CODE = YES;
				CLANG_WARN__DUPLICATE_METHOD_MATCH = YES;
				COPY_PHASE_STRIP = NO;
				DEBUG_INFORMATION_FORMAT = "dwarf-with-dsym";
				ENABLE_NS_ASSERTIONS = NO;
				ENABLE_STRICT_OBJC_MSGSEND = YES;
				GCC_C_LANGUAGE_STANDARD = gnu11;
				GCC_NO_COMMON_BLOCKS = YES;
				GCC_WARN_64_TO_32_BIT_CONVERSION = YES;
				GCC_WARN_ABOUT_RETURN_TYPE = YES_ERROR;
				GCC_WARN_UNDECLARED_SELECTOR = YES;
				GCC_WARN_UNINITIALIZED_AUTOS = YES_AGGRESSIVE;
				GCC_WARN_UNUSED_FUNCTION = YES;
				GCC_WARN_UNUSED_VARIABLE = YES;
				IPHONEOS_DEPLOYMENT_TARGET = 14.0;
				MTL_ENABLE_DEBUG_INFO = NO;
				MTL_FAST_MATH = YES;
				SDKROOT = iphoneos;
				SWIFT_COMPILATION_MODE = wholemodule;
				SWIFT_OPTIMIZATION_LEVEL = "-O";
				VALIDATE_PRODUCT = YES;
			};
			name = Release;
		};
		A6F694D9256CAE3300BC64F0 /* Debug */ = {
			isa = XCBuildConfiguration;
			buildSettings = {
				ALWAYS_EMBED_SWIFT_STANDARD_LIBRARIES = YES;
				ASSETCATALOG_COMPILER_APPICON_NAME = AppIcon;
				ASSETCATALOG_COMPILER_GLOBAL_ACCENT_COLOR_NAME = AccentColor;
				CODE_SIGN_STYLE = Automatic;
				DEVELOPMENT_ASSET_PATHS = "\"WeatherWidgetExample/Preview Content\"";
				DEVELOPMENT_TEAM = FLZ8CLXX64;
				ENABLE_PREVIEWS = YES;
				INFOPLIST_FILE = WeatherWidgetExample/Info.plist;
				IPHONEOS_DEPLOYMENT_TARGET = 14.0;
				LD_RUNPATH_SEARCH_PATHS = (
					"$(inherited)",
					"@executable_path/Frameworks",
				);
				PRODUCT_BUNDLE_IDENTIFIER = "com.-WeatherWidgetExample.gipyokim.WeatherWidgetExample";
				PRODUCT_NAME = "$(TARGET_NAME)";
				SWIFT_VERSION = 5.0;
				TARGETED_DEVICE_FAMILY = "1,2";
			};
			name = Debug;
		};
		A6F694DA256CAE3300BC64F0 /* Release */ = {
			isa = XCBuildConfiguration;
			buildSettings = {
				ALWAYS_EMBED_SWIFT_STANDARD_LIBRARIES = YES;
				ASSETCATALOG_COMPILER_APPICON_NAME = AppIcon;
				ASSETCATALOG_COMPILER_GLOBAL_ACCENT_COLOR_NAME = AccentColor;
				CODE_SIGN_STYLE = Automatic;
				DEVELOPMENT_ASSET_PATHS = "\"WeatherWidgetExample/Preview Content\"";
				DEVELOPMENT_TEAM = FLZ8CLXX64;
				ENABLE_PREVIEWS = YES;
				INFOPLIST_FILE = WeatherWidgetExample/Info.plist;
				IPHONEOS_DEPLOYMENT_TARGET = 14.0;
				LD_RUNPATH_SEARCH_PATHS = (
					"$(inherited)",
					"@executable_path/Frameworks",
				);
				PRODUCT_BUNDLE_IDENTIFIER = "com.-WeatherWidgetExample.gipyokim.WeatherWidgetExample";
				PRODUCT_NAME = "$(TARGET_NAME)";
				SWIFT_VERSION = 5.0;
				TARGETED_DEVICE_FAMILY = "1,2";
			};
			name = Release;
		};
		A6F694F0256CAE7800BC64F0 /* Debug */ = {
			isa = XCBuildConfiguration;
			buildSettings = {
				ASSETCATALOG_COMPILER_GLOBAL_ACCENT_COLOR_NAME = AccentColor;
				ASSETCATALOG_COMPILER_WIDGET_BACKGROUND_COLOR_NAME = WidgetBackground;
				CODE_SIGN_STYLE = Automatic;
				CURRENT_PROJECT_VERSION = 1;
				DEVELOPMENT_TEAM = FLZ8CLXX64;
				INFOPLIST_FILE = WeatherWidget/App/Info.plist;
				LD_RUNPATH_SEARCH_PATHS = (
					"$(inherited)",
					"@executable_path/Frameworks",
					"@executable_path/../../Frameworks",
				);
				MARKETING_VERSION = 1.0;
				PRODUCT_BUNDLE_IDENTIFIER = "com.-WeatherWidgetExample.gipyokim.WeatherWidgetExample.WeatherWidget";
				PRODUCT_NAME = "$(TARGET_NAME)";
				SKIP_INSTALL = YES;
				SWIFT_VERSION = 5.0;
				TARGETED_DEVICE_FAMILY = "1,2";
			};
			name = Debug;
		};
		A6F694F1256CAE7800BC64F0 /* Release */ = {
			isa = XCBuildConfiguration;
			buildSettings = {
				ASSETCATALOG_COMPILER_GLOBAL_ACCENT_COLOR_NAME = AccentColor;
				ASSETCATALOG_COMPILER_WIDGET_BACKGROUND_COLOR_NAME = WidgetBackground;
				CODE_SIGN_STYLE = Automatic;
				CURRENT_PROJECT_VERSION = 1;
				DEVELOPMENT_TEAM = FLZ8CLXX64;
				INFOPLIST_FILE = WeatherWidget/App/Info.plist;
				LD_RUNPATH_SEARCH_PATHS = (
					"$(inherited)",
					"@executable_path/Frameworks",
					"@executable_path/../../Frameworks",
				);
				MARKETING_VERSION = 1.0;
				PRODUCT_BUNDLE_IDENTIFIER = "com.-WeatherWidgetExample.gipyokim.WeatherWidgetExample.WeatherWidget";
				PRODUCT_NAME = "$(TARGET_NAME)";
				SKIP_INSTALL = YES;
				SWIFT_VERSION = 5.0;
				TARGETED_DEVICE_FAMILY = "1,2";
			};
			name = Release;
		};
/* End XCBuildConfiguration section */

/* Begin XCConfigurationList section */
		A6F694C4256CAE3100BC64F0 /* Build configuration list for PBXProject "WeatherWidgetExample" */ = {
			isa = XCConfigurationList;
			buildConfigurations = (
				A6F694D6256CAE3300BC64F0 /* Debug */,
				A6F694D7256CAE3300BC64F0 /* Release */,
			);
			defaultConfigurationIsVisible = 0;
			defaultConfigurationName = Release;
		};
		A6F694D8256CAE3300BC64F0 /* Build configuration list for PBXNativeTarget "WeatherWidgetExample" */ = {
			isa = XCConfigurationList;
			buildConfigurations = (
				A6F694D9256CAE3300BC64F0 /* Debug */,
				A6F694DA256CAE3300BC64F0 /* Release */,
			);
			defaultConfigurationIsVisible = 0;
			defaultConfigurationName = Release;
		};
		A6F694EF256CAE7800BC64F0 /* Build configuration list for PBXNativeTarget "WeatherWidgetExtension" */ = {
			isa = XCConfigurationList;
			buildConfigurations = (
				A6F694F0256CAE7800BC64F0 /* Debug */,
				A6F694F1256CAE7800BC64F0 /* Release */,
			);
			defaultConfigurationIsVisible = 0;
			defaultConfigurationName = Release;
		};
/* End XCConfigurationList section */
	};
	rootObject = A6F694C1256CAE3100BC64F0 /* Project object */;
}
