// !$*UTF8*$!
{
	archiveVersion = 1;
	classes = {
	};
	objectVersion = 50;
	objects = {

/* Begin PBXBuildFile section */
		A69FDBFE2498047E005B60AD /* AppDelegate.swift in Sources */ = {isa = PBXBuildFile; fileRef = A69FDBFD2498047E005B60AD /* AppDelegate.swift */; };
		A69FDC002498047E005B60AD /* SceneDelegate.swift in Sources */ = {isa = PBXBuildFile; fileRef = A69FDBFF2498047E005B60AD /* SceneDelegate.swift */; };
		A69FDC022498047E005B60AD /* ContentView.swift in Sources */ = {isa = PBXBuildFile; fileRef = A69FDC012498047E005B60AD /* ContentView.swift */; };
		A69FDC0424980480005B60AD /* Assets.xcassets in Resources */ = {isa = PBXBuildFile; fileRef = A69FDC0324980480005B60AD /* Assets.xcassets */; };
		A69FDC0724980480005B60AD /* Preview Assets.xcassets in Resources */ = {isa = PBXBuildFile; fileRef = A69FDC0624980480005B60AD /* Preview Assets.xcassets */; };
		A69FDC0A24980480005B60AD /* LaunchScreen.storyboard in Resources */ = {isa = PBXBuildFile; fileRef = A69FDC0824980480005B60AD /* LaunchScreen.storyboard */; };
		A69FDC15249804BF005B60AD /* Weather.swift in Sources */ = {isa = PBXBuildFile; fileRef = A69FDC14249804BF005B60AD /* Weather.swift */; };
		A69FDC182498056D005B60AD /* WeatherService.swift in Sources */ = {isa = PBXBuildFile; fileRef = A69FDC172498056D005B60AD /* WeatherService.swift */; };
		A69FDC1A249808B7005B60AD /* WeatherViewModel.swift in Sources */ = {isa = PBXBuildFile; fileRef = A69FDC19249808B7005B60AD /* WeatherViewModel.swift */; };
/* End PBXBuildFile section */

/* Begin PBXFileReference section */
		A69FDBFA2498047E005B60AD /* Weather.app */ = {isa = PBXFileReference; explicitFileType = wrapper.application; includeInIndex = 0; path = Weather.app; sourceTree = BUILT_PRODUCTS_DIR; };
		A69FDBFD2498047E005B60AD /* AppDelegate.swift */ = {isa = PBXFileReference; lastKnownFileType = sourcecode.swift; path = AppDelegate.swift; sourceTree = "<group>"; };
		A69FDBFF2498047E005B60AD /* SceneDelegate.swift */ = {isa = PBXFileReference; lastKnownFileType = sourcecode.swift; path = SceneDelegate.swift; sourceTree = "<group>"; };
		A69FDC012498047E005B60AD /* ContentView.swift */ = {isa = PBXFileReference; lastKnownFileType = sourcecode.swift; path = ContentView.swift; sourceTree = "<group>"; };
		A69FDC0324980480005B60AD /* Assets.xcassets */ = {isa = PBXFileReference; lastKnownFileType = folder.assetcatalog; path = Assets.xcassets; sourceTree = "<group>"; };
		A69FDC0624980480005B60AD /* Preview Assets.xcassets */ = {isa = PBXFileReference; lastKnownFileType = folder.assetcatalog; path = "Preview Assets.xcassets"; sourceTree = "<group>"; };
		A69FDC0924980480005B60AD /* Base */ = {isa = PBXFileReference; lastKnownFileType = file.storyboard; name = Base; path = Base.lproj/LaunchScreen.storyboard; sourceTree = "<group>"; };
		A69FDC0B24980480005B60AD /* Info.plist */ = {isa = PBXFileReference; lastKnownFileType = text.plist.xml; path = Info.plist; sourceTree = "<group>"; };
		A69FDC14249804BF005B60AD /* Weather.swift */ = {isa = PBXFileReference; lastKnownFileType = sourcecode.swift; path = Weather.swift; sourceTree = "<group>"; };
		A69FDC172498056D005B60AD /* WeatherService.swift */ = {isa = PBXFileReference; lastKnownFileType = sourcecode.swift; path = WeatherService.swift; sourceTree = "<group>"; };
		A69FDC19249808B7005B60AD /* WeatherViewModel.swift */ = {isa = PBXFileReference; lastKnownFileType = sourcecode.swift; path = WeatherViewModel.swift; sourceTree = "<group>"; };
/* End PBXFileReference section */

/* Begin PBXFrameworksBuildPhase section */
		A69FDBF72498047E005B60AD /* Frameworks */ = {
			isa = PBXFrameworksBuildPhase;
			buildActionMask = 2147483647;
			files = (
			);
			runOnlyForDeploymentPostprocessing = 0;
		};
/* End PBXFrameworksBuildPhase section */

/* Begin PBXGroup section */
		A69FDBF12498047E005B60AD = {
			isa = PBXGroup;
			children = (
				A69FDBFC2498047E005B60AD /* Weather */,
				A69FDBFB2498047E005B60AD /* Products */,
			);
			sourceTree = "<group>";
		};
		A69FDBFB2498047E005B60AD /* Products */ = {
			isa = PBXGroup;
			children = (
				A69FDBFA2498047E005B60AD /* Weather.app */,
			);
			name = Products;
			sourceTree = "<group>";
		};
		A69FDBFC2498047E005B60AD /* Weather */ = {
			isa = PBXGroup;
			children = (
				A69FDC1624980564005B60AD /* Services */,
				A69FDC132498049D005B60AD /* ViewModels */,
				A69FDC1224980498005B60AD /* Views */,
				A69FDC1124980492005B60AD /* Models */,
				A69FDBFD2498047E005B60AD /* AppDelegate.swift */,
				A69FDBFF2498047E005B60AD /* SceneDelegate.swift */,
				A69FDC0324980480005B60AD /* Assets.xcassets */,
				A69FDC0824980480005B60AD /* LaunchScreen.storyboard */,
				A69FDC0B24980480005B60AD /* Info.plist */,
				A69FDC0524980480005B60AD /* Preview Content */,
			);
			path = Weather;
			sourceTree = "<group>";
		};
		A69FDC0524980480005B60AD /* Preview Content */ = {
			isa = PBXGroup;
			children = (
				A69FDC0624980480005B60AD /* Preview Assets.xcassets */,
			);
			path = "Preview Content";
			sourceTree = "<group>";
		};
		A69FDC1124980492005B60AD /* Models */ = {
			isa = PBXGroup;
			children = (
				A69FDC14249804BF005B60AD /* Weather.swift */,
			);
			path = Models;
			sourceTree = "<group>";
		};
		A69FDC1224980498005B60AD /* Views */ = {
			isa = PBXGroup;
			children = (
				A69FDC012498047E005B60AD /* ContentView.swift */,
			);
			path = Views;
			sourceTree = "<group>";
		};
		A69FDC132498049D005B60AD /* ViewModels */ = {
			isa = PBXGroup;
			children = (
				A69FDC19249808B7005B60AD /* WeatherViewModel.swift */,
			);
			path = ViewModels;
			sourceTree = "<group>";
		};
		A69FDC1624980564005B60AD /* Services */ = {
			isa = PBXGroup;
			children = (
				A69FDC172498056D005B60AD /* WeatherService.swift */,
			);
			path = Services;
			sourceTree = "<group>";
		};
/* End PBXGroup section */

/* Begin PBXNativeTarget section */
		A69FDBF92498047E005B60AD /* Weather */ = {
			isa = PBXNativeTarget;
			buildConfigurationList = A69FDC0E24980480005B60AD /* Build configuration list for PBXNativeTarget "Weather" */;
			buildPhases = (
				A69FDBF62498047E005B60AD /* Sources */,
				A69FDBF72498047E005B60AD /* Frameworks */,
				A69FDBF82498047E005B60AD /* Resources */,
			);
			buildRules = (
			);
			dependencies = (
			);
			name = Weather;
			productName = Weather;
			productReference = A69FDBFA2498047E005B60AD /* Weather.app */;
			productType = "com.apple.product-type.application";
		};
/* End PBXNativeTarget section */

/* Begin PBXProject section */
		A69FDBF22498047E005B60AD /* Project object */ = {
			isa = PBXProject;
			attributes = {
				LastSwiftUpdateCheck = 1150;
				LastUpgradeCheck = 1150;
				ORGANIZATIONNAME = gipgip;
				TargetAttributes = {
					A69FDBF92498047E005B60AD = {
						CreatedOnToolsVersion = 11.5;
					};
				};
			};
			buildConfigurationList = A69FDBF52498047E005B60AD /* Build configuration list for PBXProject "Weather" */;
			compatibilityVersion = "Xcode 9.3";
			developmentRegion = en;
			hasScannedForEncodings = 0;
			knownRegions = (
				en,
				Base,
			);
			mainGroup = A69FDBF12498047E005B60AD;
			productRefGroup = A69FDBFB2498047E005B60AD /* Products */;
			projectDirPath = "";
			projectRoot = "";
			targets = (
				A69FDBF92498047E005B60AD /* Weather */,
			);
		};
/* End PBXProject section */

/* Begin PBXResourcesBuildPhase section */
		A69FDBF82498047E005B60AD /* Resources */ = {
			isa = PBXResourcesBuildPhase;
			buildActionMask = 2147483647;
			files = (
				A69FDC0A24980480005B60AD /* LaunchScreen.storyboard in Resources */,
				A69FDC0724980480005B60AD /* Preview Assets.xcassets in Resources */,
				A69FDC0424980480005B60AD /* Assets.xcassets in Resources */,
			);
			runOnlyForDeploymentPostprocessing = 0;
		};
/* End PBXResourcesBuildPhase section */

/* Begin PBXSourcesBuildPhase section */
		A69FDBF62498047E005B60AD /* Sources */ = {
			isa = PBXSourcesBuildPhase;
			buildActionMask = 2147483647;
			files = (
				A69FDC182498056D005B60AD /* WeatherService.swift in Sources */,
				A69FDC1A249808B7005B60AD /* WeatherViewModel.swift in Sources */,
				A69FDC15249804BF005B60AD /* Weather.swift in Sources */,
				A69FDBFE2498047E005B60AD /* AppDelegate.swift in Sources */,
				A69FDC002498047E005B60AD /* SceneDelegate.swift in Sources */,
				A69FDC022498047E005B60AD /* ContentView.swift in Sources */,
			);
			runOnlyForDeploymentPostprocessing = 0;
		};
/* End PBXSourcesBuildPhase section */

/* Begin PBXVariantGroup section */
		A69FDC0824980480005B60AD /* LaunchScreen.storyboard */ = {
			isa = PBXVariantGroup;
			children = (
				A69FDC0924980480005B60AD /* Base */,
			);
			name = LaunchScreen.storyboard;
			sourceTree = "<group>";
		};
/* End PBXVariantGroup section */

/* Begin XCBuildConfiguration section */
		A69FDC0C24980480005B60AD /* Debug */ = {
			isa = XCBuildConfiguration;
			buildSettings = {
				ALWAYS_SEARCH_USER_PATHS = NO;
				CLANG_ANALYZER_NONNULL = YES;
				CLANG_ANALYZER_NUMBER_OBJECT_CONVERSION = YES_AGGRESSIVE;
				CLANG_CXX_LANGUAGE_STANDARD = "gnu++14";
				CLANG_CXX_LIBRARY = "libc++";
				CLANG_ENABLE_MODULES = YES;
				CLANG_ENABLE_OBJC_ARC = YES;
				CLANG_ENABLE_OBJC_WEAK = YES;
				CLANG_WARN_BLOCK_CAPTURE_AUTORELEASING = YES;
				CLANG_WARN_BOOL_CONVERSION = YES;
				CLANG_WARN_COMMA = YES;
				CLANG_WARN_CONSTANT_CONVERSION = YES;
				CLANG_WARN_DEPRECATED_OBJC_IMPLEMENTATIONS = YES;
				CLANG_WARN_DIRECT_OBJC_ISA_USAGE = YES_ERROR;
				CLANG_WARN_DOCUMENTATION_COMMENTS = YES;
				CLANG_WARN_EMPTY_BODY = YES;
				CLANG_WARN_ENUM_CONVERSION = YES;
				CLANG_WARN_INFINITE_RECURSION = YES;
				CLANG_WARN_INT_CONVERSION = YES;
				CLANG_WARN_NON_LITERAL_NULL_CONVERSION = YES;
				CLANG_WARN_OBJC_IMPLICIT_RETAIN_SELF = YES;
				CLANG_WARN_OBJC_LITERAL_CONVERSION = YES;
				CLANG_WARN_OBJC_ROOT_CLASS = YES_ERROR;
				CLANG_WARN_RANGE_LOOP_ANALYSIS = YES;
				CLANG_WARN_STRICT_PROTOTYPES = YES;
				CLANG_WARN_SUSPICIOUS_MOVE = YES;
				CLANG_WARN_UNGUARDED_AVAILABILITY = YES_AGGRESSIVE;
				CLANG_WARN_UNREACHABLE_CODE = YES;
				CLANG_WARN__DUPLICATE_METHOD_MATCH = YES;
				COPY_PHASE_STRIP = NO;
				DEBUG_INFORMATION_FORMAT = dwarf;
				ENABLE_STRICT_OBJC_MSGSEND = YES;
				ENABLE_TESTABILITY = YES;
				GCC_C_LANGUAGE_STANDARD = gnu11;
				GCC_DYNAMIC_NO_PIC = NO;
				GCC_NO_COMMON_BLOCKS = YES;
				GCC_OPTIMIZATION_LEVEL = 0;
				GCC_PREPROCESSOR_DEFINITIONS = (
					"DEBUG=1",
					"$(inherited)",
				);
				GCC_WARN_64_TO_32_BIT_CONVERSION = YES;
				GCC_WARN_ABOUT_RETURN_TYPE = YES_ERROR;
				GCC_WARN_UNDECLARED_SELECTOR = YES;
				GCC_WARN_UNINITIALIZED_AUTOS = YES_AGGRESSIVE;
				GCC_WARN_UNUSED_FUNCTION = YES;
				GCC_WARN_UNUSED_VARIABLE = YES;
				IPHONEOS_DEPLOYMENT_TARGET = 13.5;
				MTL_ENABLE_DEBUG_INFO = INCLUDE_SOURCE;
				MTL_FAST_MATH = YES;
				ONLY_ACTIVE_ARCH = YES;
				SDKROOT = iphoneos;
				SWIFT_ACTIVE_COMPILATION_CONDITIONS = DEBUG;
				SWIFT_OPTIMIZATION_LEVEL = "-Onone";
			};
			name = Debug;
		};
		A69FDC0D24980480005B60AD /* Release */ = {
			isa = XCBuildConfiguration;
			buildSettings = {
				ALWAYS_SEARCH_USER_PATHS = NO;
				CLANG_ANALYZER_NONNULL = YES;
				CLANG_ANALYZER_NUMBER_OBJECT_CONVERSION = YES_AGGRESSIVE;
				CLANG_CXX_LANGUAGE_STANDARD = "gnu++14";
				CLANG_CXX_LIBRARY = "libc++";
				CLANG_ENABLE_MODULES = YES;
				CLANG_ENABLE_OBJC_ARC = YES;
				CLANG_ENABLE_OBJC_WEAK = YES;
				CLANG_WARN_BLOCK_CAPTURE_AUTORELEASING = YES;
				CLANG_WARN_BOOL_CONVERSION = YES;
				CLANG_WARN_COMMA = YES;
				CLANG_WARN_CONSTANT_CONVERSION = YES;
				CLANG_WARN_DEPRECATED_OBJC_IMPLEMENTATIONS = YES;
				CLANG_WARN_DIRECT_OBJC_ISA_USAGE = YES_ERROR;
				CLANG_WARN_DOCUMENTATION_COMMENTS = YES;
				CLANG_WARN_EMPTY_BODY = YES;
				CLANG_WARN_ENUM_CONVERSION = YES;
				CLANG_WARN_INFINITE_RECURSION = YES;
				CLANG_WARN_INT_CONVERSION = YES;
				CLANG_WARN_NON_LITERAL_NULL_CONVERSION = YES;
				CLANG_WARN_OBJC_IMPLICIT_RETAIN_SELF = YES;
				CLANG_WARN_OBJC_LITERAL_CONVERSION = YES;
				CLANG_WARN_OBJC_ROOT_CLASS = YES_ERROR;
				CLANG_WARN_RANGE_LOOP_ANALYSIS = YES;
				CLANG_WARN_STRICT_PROTOTYPES = YES;
				CLANG_WARN_SUSPICIOUS_MOVE = YES;
				CLANG_WARN_UNGUARDED_AVAILABILITY = YES_AGGRESSIVE;
				CLANG_WARN_UNREACHABLE_CODE = YES;
				CLANG_WARN__DUPLICATE_METHOD_MATCH = YES;
				COPY_PHASE_STRIP = NO;
				DEBUG_INFORMATION_FORMAT = "dwarf-with-dsym";
				ENABLE_NS_ASSERTIONS = NO;
				ENABLE_STRICT_OBJC_MSGSEND = YES;
				GCC_C_LANGUAGE_STANDARD = gnu11;
				GCC_NO_COMMON_BLOCKS = YES;
				GCC_WARN_64_TO_32_BIT_CONVERSION = YES;
				GCC_WARN_ABOUT_RETURN_TYPE = YES_ERROR;
				GCC_WARN_UNDECLARED_SELECTOR = YES;
				GCC_WARN_UNINITIALIZED_AUTOS = YES_AGGRESSIVE;
				GCC_WARN_UNUSED_FUNCTION = YES;
				GCC_WARN_UNUSED_VARIABLE = YES;
				IPHONEOS_DEPLOYMENT_TARGET = 13.5;
				MTL_ENABLE_DEBUG_INFO = NO;
				MTL_FAST_MATH = YES;
				SDKROOT = iphoneos;
				SWIFT_COMPILATION_MODE = wholemodule;
				SWIFT_OPTIMIZATION_LEVEL = "-O";
				VALIDATE_PRODUCT = YES;
			};
			name = Release;
		};
		A69FDC0F24980480005B60AD /* Debug */ = {
			isa = XCBuildConfiguration;
			buildSettings = {
				ASSETCATALOG_COMPILER_APPICON_NAME = AppIcon;
				CODE_SIGN_STYLE = Automatic;
				DEVELOPMENT_ASSET_PATHS = "\"Weather/Preview Content\"";
				DEVELOPMENT_TEAM = FLZ8CLXX64;
				ENABLE_PREVIEWS = YES;
				INFOPLIST_FILE = Weather/Info.plist;
				LD_RUNPATH_SEARCH_PATHS = (
					"$(inherited)",
					"@executable_path/Frameworks",
				);
				PRODUCT_BUNDLE_IDENTIFIER = com.Weather.gipgip.Weather;
				PRODUCT_NAME = "$(TARGET_NAME)";
				SWIFT_VERSION = 5.0;
				TARGETED_DEVICE_FAMILY = "1,2";
			};
			name = Debug;
		};
		A69FDC1024980480005B60AD /* Release */ = {
			isa = XCBuildConfiguration;
			buildSettings = {
				ASSETCATALOG_COMPILER_APPICON_NAME = AppIcon;
				CODE_SIGN_STYLE = Automatic;
				DEVELOPMENT_ASSET_PATHS = "\"Weather/Preview Content\"";
				DEVELOPMENT_TEAM = FLZ8CLXX64;
				ENABLE_PREVIEWS = YES;
				INFOPLIST_FILE = Weather/Info.plist;
				LD_RUNPATH_SEARCH_PATHS = (
					"$(inherited)",
					"@executable_path/Frameworks",
				);
				PRODUCT_BUNDLE_IDENTIFIER = com.Weather.gipgip.Weather;
				PRODUCT_NAME = "$(TARGET_NAME)";
				SWIFT_VERSION = 5.0;
				TARGETED_DEVICE_FAMILY = "1,2";
			};
			name = Release;
		};
/* End XCBuildConfiguration section */

/* Begin XCConfigurationList section */
		A69FDBF52498047E005B60AD /* Build configuration list for PBXProject "Weather" */ = {
			isa = XCConfigurationList;
			buildConfigurations = (
				A69FDC0C24980480005B60AD /* Debug */,
				A69FDC0D24980480005B60AD /* Release */,
			);
			defaultConfigurationIsVisible = 0;
			defaultConfigurationName = Release;
		};
		A69FDC0E24980480005B60AD /* Build configuration list for PBXNativeTarget "Weather" */ = {
			isa = XCConfigurationList;
			buildConfigurations = (
				A69FDC0F24980480005B60AD /* Debug */,
				A69FDC1024980480005B60AD /* Release */,
			);
			defaultConfigurationIsVisible = 0;
			defaultConfigurationName = Release;
		};
/* End XCConfigurationList section */
	};
	rootObject = A69FDBF22498047E005B60AD /* Project object */;
}
