// !$*UTF8*$!
{
	archiveVersion = 1;
	classes = {
	};
	objectVersion = 50;
	objects = {

/* Begin PBXBuildFile section */
		A69FDB90249163BB005B60AD /* AppDelegate.swift in Sources */ = {isa = PBXBuildFile; fileRef = A69FDB8F249163BB005B60AD /* AppDelegate.swift */; };
		A69FDB92249163BB005B60AD /* SceneDelegate.swift in Sources */ = {isa = PBXBuildFile; fileRef = A69FDB91249163BB005B60AD /* SceneDelegate.swift */; };
		A69FDB94249163BB005B60AD /* ContentView.swift in Sources */ = {isa = PBXBuildFile; fileRef = A69FDB93249163BB005B60AD /* ContentView.swift */; };
		A69FDB96249163BE005B60AD /* Assets.xcassets in Resources */ = {isa = PBXBuildFile; fileRef = A69FDB95249163BE005B60AD /* Assets.xcassets */; };
		A69FDB99249163BE005B60AD /* Preview Assets.xcassets in Resources */ = {isa = PBXBuildFile; fileRef = A69FDB98249163BE005B60AD /* Preview Assets.xcassets */; };
		A69FDB9C249163BE005B60AD /* LaunchScreen.storyboard in Resources */ = {isa = PBXBuildFile; fileRef = A69FDB9A249163BE005B60AD /* LaunchScreen.storyboard */; };
/* End PBXBuildFile section */

/* Begin PBXFileReference section */
		A69FDB8C249163BB005B60AD /* SwiftUIState.app */ = {isa = PBXFileReference; explicitFileType = wrapper.application; includeInIndex = 0; path = SwiftUIState.app; sourceTree = BUILT_PRODUCTS_DIR; };
		A69FDB8F249163BB005B60AD /* AppDelegate.swift */ = {isa = PBXFileReference; lastKnownFileType = sourcecode.swift; path = AppDelegate.swift; sourceTree = "<group>"; };
		A69FDB91249163BB005B60AD /* SceneDelegate.swift */ = {isa = PBXFileReference; lastKnownFileType = sourcecode.swift; path = SceneDelegate.swift; sourceTree = "<group>"; };
		A69FDB93249163BB005B60AD /* ContentView.swift */ = {isa = PBXFileReference; lastKnownFileType = sourcecode.swift; path = ContentView.swift; sourceTree = "<group>"; };
		A69FDB95249163BE005B60AD /* Assets.xcassets */ = {isa = PBXFileReference; lastKnownFileType = folder.assetcatalog; path = Assets.xcassets; sourceTree = "<group>"; };
		A69FDB98249163BE005B60AD /* Preview Assets.xcassets */ = {isa = PBXFileReference; lastKnownFileType = folder.assetcatalog; path = "Preview Assets.xcassets"; sourceTree = "<group>"; };
		A69FDB9B249163BE005B60AD /* Base */ = {isa = PBXFileReference; lastKnownFileType = file.storyboard; name = Base; path = Base.lproj/LaunchScreen.storyboard; sourceTree = "<group>"; };
		A69FDB9D249163BE005B60AD /* Info.plist */ = {isa = PBXFileReference; lastKnownFileType = text.plist.xml; path = Info.plist; sourceTree = "<group>"; };
/* End PBXFileReference section */

/* Begin PBXFrameworksBuildPhase section */
		A69FDB89249163BB005B60AD /* Frameworks */ = {
			isa = PBXFrameworksBuildPhase;
			buildActionMask = 2147483647;
			files = (
			);
			runOnlyForDeploymentPostprocessing = 0;
		};
/* End PBXFrameworksBuildPhase section */

/* Begin PBXGroup section */
		A69FDB83249163BB005B60AD = {
			isa = PBXGroup;
			children = (
				A69FDB8E249163BB005B60AD /* SwiftUIState */,
				A69FDB8D249163BB005B60AD /* Products */,
			);
			sourceTree = "<group>";
		};
		A69FDB8D249163BB005B60AD /* Products */ = {
			isa = PBXGroup;
			children = (
				A69FDB8C249163BB005B60AD /* SwiftUIState.app */,
			);
			name = Products;
			sourceTree = "<group>";
		};
		A69FDB8E249163BB005B60AD /* SwiftUIState */ = {
			isa = PBXGroup;
			children = (
				A69FDB8F249163BB005B60AD /* AppDelegate.swift */,
				A69FDB91249163BB005B60AD /* SceneDelegate.swift */,
				A69FDB93249163BB005B60AD /* ContentView.swift */,
				A69FDB95249163BE005B60AD /* Assets.xcassets */,
				A69FDB9A249163BE005B60AD /* LaunchScreen.storyboard */,
				A69FDB9D249163BE005B60AD /* Info.plist */,
				A69FDB97249163BE005B60AD /* Preview Content */,
			);
			path = SwiftUIState;
			sourceTree = "<group>";
		};
		A69FDB97249163BE005B60AD /* Preview Content */ = {
			isa = PBXGroup;
			children = (
				A69FDB98249163BE005B60AD /* Preview Assets.xcassets */,
			);
			path = "Preview Content";
			sourceTree = "<group>";
		};
/* End PBXGroup section */

/* Begin PBXNativeTarget section */
		A69FDB8B249163BB005B60AD /* SwiftUIState */ = {
			isa = PBXNativeTarget;
			buildConfigurationList = A69FDBA0249163BE005B60AD /* Build configuration list for PBXNativeTarget "SwiftUIState" */;
			buildPhases = (
				A69FDB88249163BB005B60AD /* Sources */,
				A69FDB89249163BB005B60AD /* Frameworks */,
				A69FDB8A249163BB005B60AD /* Resources */,
			);
			buildRules = (
			);
			dependencies = (
			);
			name = SwiftUIState;
			productName = SwiftUIState;
			productReference = A69FDB8C249163BB005B60AD /* SwiftUIState.app */;
			productType = "com.apple.product-type.application";
		};
/* End PBXNativeTarget section */

/* Begin PBXProject section */
		A69FDB84249163BB005B60AD /* Project object */ = {
			isa = PBXProject;
			attributes = {
				LastSwiftUpdateCheck = 1150;
				LastUpgradeCheck = 1150;
				ORGANIZATIONNAME = gipgip;
				TargetAttributes = {
					A69FDB8B249163BB005B60AD = {
						CreatedOnToolsVersion = 11.5;
					};
				};
			};
			buildConfigurationList = A69FDB87249163BB005B60AD /* Build configuration list for PBXProject "SwiftUIState" */;
			compatibilityVersion = "Xcode 9.3";
			developmentRegion = en;
			hasScannedForEncodings = 0;
			knownRegions = (
				en,
				Base,
			);
			mainGroup = A69FDB83249163BB005B60AD;
			productRefGroup = A69FDB8D249163BB005B60AD /* Products */;
			projectDirPath = "";
			projectRoot = "";
			targets = (
				A69FDB8B249163BB005B60AD /* SwiftUIState */,
			);
		};
/* End PBXProject section */

/* Begin PBXResourcesBuildPhase section */
		A69FDB8A249163BB005B60AD /* Resources */ = {
			isa = PBXResourcesBuildPhase;
			buildActionMask = 2147483647;
			files = (
				A69FDB9C249163BE005B60AD /* LaunchScreen.storyboard in Resources */,
				A69FDB99249163BE005B60AD /* Preview Assets.xcassets in Resources */,
				A69FDB96249163BE005B60AD /* Assets.xcassets in Resources */,
			);
			runOnlyForDeploymentPostprocessing = 0;
		};
/* End PBXResourcesBuildPhase section */

/* Begin PBXSourcesBuildPhase section */
		A69FDB88249163BB005B60AD /* Sources */ = {
			isa = PBXSourcesBuildPhase;
			buildActionMask = 2147483647;
			files = (
				A69FDB90249163BB005B60AD /* AppDelegate.swift in Sources */,
				A69FDB92249163BB005B60AD /* SceneDelegate.swift in Sources */,
				A69FDB94249163BB005B60AD /* ContentView.swift in Sources */,
			);
			runOnlyForDeploymentPostprocessing = 0;
		};
/* End PBXSourcesBuildPhase section */

/* Begin PBXVariantGroup section */
		A69FDB9A249163BE005B60AD /* LaunchScreen.storyboard */ = {
			isa = PBXVariantGroup;
			children = (
				A69FDB9B249163BE005B60AD /* Base */,
			);
			name = LaunchScreen.storyboard;
			sourceTree = "<group>";
		};
/* End PBXVariantGroup section */

/* Begin XCBuildConfiguration section */
		A69FDB9E249163BE005B60AD /* Debug */ = {
			isa = XCBuildConfiguration;
			buildSettings = {
				ALWAYS_SEARCH_USER_PATHS = NO;
				CLANG_ANALYZER_NONNULL = YES;
				CLANG_ANALYZER_NUMBER_OBJECT_CONVERSION = YES_AGGRESSIVE;
				CLANG_CXX_LANGUAGE_STANDARD = "gnu++14";
				CLANG_CXX_LIBRARY = "libc++";
				CLANG_ENABLE_MODULES = YES;
				CLANG_ENABLE_OBJC_ARC = YES;
				CLANG_ENABLE_OBJC_WEAK = YES;
				CLANG_WARN_BLOCK_CAPTURE_AUTORELEASING = YES;
				CLANG_WARN_BOOL_CONVERSION = YES;
				CLANG_WARN_COMMA = YES;
				CLANG_WARN_CONSTANT_CONVERSION = YES;
				CLANG_WARN_DEPRECATED_OBJC_IMPLEMENTATIONS = YES;
				CLANG_WARN_DIRECT_OBJC_ISA_USAGE = YES_ERROR;
				CLANG_WARN_DOCUMENTATION_COMMENTS = YES;
				CLANG_WARN_EMPTY_BODY = YES;
				CLANG_WARN_ENUM_CONVERSION = YES;
				CLANG_WARN_INFINITE_RECURSION = YES;
				CLANG_WARN_INT_CONVERSION = YES;
				CLANG_WARN_NON_LITERAL_NULL_CONVERSION = YES;
				CLANG_WARN_OBJC_IMPLICIT_RETAIN_SELF = YES;
				CLANG_WARN_OBJC_LITERAL_CONVERSION = YES;
				CLANG_WARN_OBJC_ROOT_CLASS = YES_ERROR;
				CLANG_WARN_RANGE_LOOP_ANALYSIS = YES;
				CLANG_WARN_STRICT_PROTOTYPES = YES;
				CLANG_WARN_SUSPICIOUS_MOVE = YES;
				CLANG_WARN_UNGUARDED_AVAILABILITY = YES_AGGRESSIVE;
				CLANG_WARN_UNREACHABLE_CODE = YES;
				CLANG_WARN__DUPLICATE_METHOD_MATCH = YES;
				COPY_PHASE_STRIP = NO;
				DEBUG_INFORMATION_FORMAT = dwarf;
				ENABLE_STRICT_OBJC_MSGSEND = YES;
				ENABLE_TESTABILITY = YES;
				GCC_C_LANGUAGE_STANDARD = gnu11;
				GCC_DYNAMIC_NO_PIC = NO;
				GCC_NO_COMMON_BLOCKS = YES;
				GCC_OPTIMIZATION_LEVEL = 0;
				GCC_PREPROCESSOR_DEFINITIONS = (
					"DEBUG=1",
					"$(inherited)",
				);
				GCC_WARN_64_TO_32_BIT_CONVERSION = YES;
				GCC_WARN_ABOUT_RETURN_TYPE = YES_ERROR;
				GCC_WARN_UNDECLARED_SELECTOR = YES;
				GCC_WARN_UNINITIALIZED_AUTOS = YES_AGGRESSIVE;
				GCC_WARN_UNUSED_FUNCTION = YES;
				GCC_WARN_UNUSED_VARIABLE = YES;
				IPHONEOS_DEPLOYMENT_TARGET = 13.5;
				MTL_ENABLE_DEBUG_INFO = INCLUDE_SOURCE;
				MTL_FAST_MATH = YES;
				ONLY_ACTIVE_ARCH = YES;
				SDKROOT = iphoneos;
				SWIFT_ACTIVE_COMPILATION_CONDITIONS = DEBUG;
				SWIFT_OPTIMIZATION_LEVEL = "-Onone";
			};
			name = Debug;
		};
		A69FDB9F249163BE005B60AD /* Release */ = {
			isa = XCBuildConfiguration;
			buildSettings = {
				ALWAYS_SEARCH_USER_PATHS = NO;
				CLANG_ANALYZER_NONNULL = YES;
				CLANG_ANALYZER_NUMBER_OBJECT_CONVERSION = YES_AGGRESSIVE;
				CLANG_CXX_LANGUAGE_STANDARD = "gnu++14";
				CLANG_CXX_LIBRARY = "libc++";
				CLANG_ENABLE_MODULES = YES;
				CLANG_ENABLE_OBJC_ARC = YES;
				CLANG_ENABLE_OBJC_WEAK = YES;
				CLANG_WARN_BLOCK_CAPTURE_AUTORELEASING = YES;
				CLANG_WARN_BOOL_CONVERSION = YES;
				CLANG_WARN_COMMA = YES;
				CLANG_WARN_CONSTANT_CONVERSION = YES;
				CLANG_WARN_DEPRECATED_OBJC_IMPLEMENTATIONS = YES;
				CLANG_WARN_DIRECT_OBJC_ISA_USAGE = YES_ERROR;
				CLANG_WARN_DOCUMENTATION_COMMENTS = YES;
				CLANG_WARN_EMPTY_BODY = YES;
				CLANG_WARN_ENUM_CONVERSION = YES;
				CLANG_WARN_INFINITE_RECURSION = YES;
				CLANG_WARN_INT_CONVERSION = YES;
				CLANG_WARN_NON_LITERAL_NULL_CONVERSION = YES;
				CLANG_WARN_OBJC_IMPLICIT_RETAIN_SELF = YES;
				CLANG_WARN_OBJC_LITERAL_CONVERSION = YES;
				CLANG_WARN_OBJC_ROOT_CLASS = YES_ERROR;
				CLANG_WARN_RANGE_LOOP_ANALYSIS = YES;
				CLANG_WARN_STRICT_PROTOTYPES = YES;
				CLANG_WARN_SUSPICIOUS_MOVE = YES;
				CLANG_WARN_UNGUARDED_AVAILABILITY = YES_AGGRESSIVE;
				CLANG_WARN_UNREACHABLE_CODE = YES;
				CLANG_WARN__DUPLICATE_METHOD_MATCH = YES;
				COPY_PHASE_STRIP = NO;
				DEBUG_INFORMATION_FORMAT = "dwarf-with-dsym";
				ENABLE_NS_ASSERTIONS = NO;
				ENABLE_STRICT_OBJC_MSGSEND = YES;
				GCC_C_LANGUAGE_STANDARD = gnu11;
				GCC_NO_COMMON_BLOCKS = YES;
				GCC_WARN_64_TO_32_BIT_CONVERSION = YES;
				GCC_WARN_ABOUT_RETURN_TYPE = YES_ERROR;
				GCC_WARN_UNDECLARED_SELECTOR = YES;
				GCC_WARN_UNINITIALIZED_AUTOS = YES_AGGRESSIVE;
				GCC_WARN_UNUSED_FUNCTION = YES;
				GCC_WARN_UNUSED_VARIABLE = YES;
				IPHONEOS_DEPLOYMENT_TARGET = 13.5;
				MTL_ENABLE_DEBUG_INFO = NO;
				MTL_FAST_MATH = YES;
				SDKROOT = iphoneos;
				SWIFT_COMPILATION_MODE = wholemodule;
				SWIFT_OPTIMIZATION_LEVEL = "-O";
				VALIDATE_PRODUCT = YES;
			};
			name = Release;
		};
		A69FDBA1249163BE005B60AD /* Debug */ = {
			isa = XCBuildConfiguration;
			buildSettings = {
				ASSETCATALOG_COMPILER_APPICON_NAME = AppIcon;
				CODE_SIGN_STYLE = Automatic;
				DEVELOPMENT_ASSET_PATHS = "\"SwiftUIState/Preview Content\"";
				DEVELOPMENT_TEAM = FLZ8CLXX64;
				ENABLE_PREVIEWS = YES;
				INFOPLIST_FILE = SwiftUIState/Info.plist;
				LD_RUNPATH_SEARCH_PATHS = (
					"$(inherited)",
					"@executable_path/Frameworks",
				);
				PRODUCT_BUNDLE_IDENTIFIER = com.SwiftUIState.gipgip.SwiftUIState;
				PRODUCT_NAME = "$(TARGET_NAME)";
				SWIFT_VERSION = 5.0;
				TARGETED_DEVICE_FAMILY = "1,2";
			};
			name = Debug;
		};
		A69FDBA2249163BE005B60AD /* Release */ = {
			isa = XCBuildConfiguration;
			buildSettings = {
				ASSETCATALOG_COMPILER_APPICON_NAME = AppIcon;
				CODE_SIGN_STYLE = Automatic;
				DEVELOPMENT_ASSET_PATHS = "\"SwiftUIState/Preview Content\"";
				DEVELOPMENT_TEAM = FLZ8CLXX64;
				ENABLE_PREVIEWS = YES;
				INFOPLIST_FILE = SwiftUIState/Info.plist;
				LD_RUNPATH_SEARCH_PATHS = (
					"$(inherited)",
					"@executable_path/Frameworks",
				);
				PRODUCT_BUNDLE_IDENTIFIER = com.SwiftUIState.gipgip.SwiftUIState;
				PRODUCT_NAME = "$(TARGET_NAME)";
				SWIFT_VERSION = 5.0;
				TARGETED_DEVICE_FAMILY = "1,2";
			};
			name = Release;
		};
/* End XCBuildConfiguration section */

/* Begin XCConfigurationList section */
		A69FDB87249163BB005B60AD /* Build configuration list for PBXProject "SwiftUIState" */ = {
			isa = XCConfigurationList;
			buildConfigurations = (
				A69FDB9E249163BE005B60AD /* Debug */,
				A69FDB9F249163BE005B60AD /* Release */,
			);
			defaultConfigurationIsVisible = 0;
			defaultConfigurationName = Release;
		};
		A69FDBA0249163BE005B60AD /* Build configuration list for PBXNativeTarget "SwiftUIState" */ = {
			isa = XCConfigurationList;
			buildConfigurations = (
				A69FDBA1249163BE005B60AD /* Debug */,
				A69FDBA2249163BE005B60AD /* Release */,
			);
			defaultConfigurationIsVisible = 0;
			defaultConfigurationName = Release;
		};
/* End XCConfigurationList section */
	};
	rootObject = A69FDB84249163BB005B60AD /* Project object */;
}
