// !$*UTF8*$!
{
	archiveVersion = 1;
	classes = {
	};
	objectVersion = 50;
	objects = {

/* Begin PBXBuildFile section */
		A695FF6B255FA7890001F55D /* NeumorphismApp.swift in Sources */ = {isa = PBXBuildFile; fileRef = A695FF6A255FA7890001F55D /* NeumorphismApp.swift */; };
		A695FF6D255FA7890001F55D /* ContentView.swift in Sources */ = {isa = PBXBuildFile; fileRef = A695FF6C255FA7890001F55D /* ContentView.swift */; };
		A695FF6F255FA7930001F55D /* Assets.xcassets in Resources */ = {isa = PBXBuildFile; fileRef = A695FF6E255FA7930001F55D /* Assets.xcassets */; };
		A695FF72255FA7930001F55D /* Preview Assets.xcassets in Resources */ = {isa = PBXBuildFile; fileRef = A695FF71255FA7930001F55D /* Preview Assets.xcassets */; };
		A695FF7B255FA86C0001F55D /* NeumorphicImageButton.swift in Sources */ = {isa = PBXBuildFile; fileRef = A695FF7A255FA86C0001F55D /* NeumorphicImageButton.swift */; };
		A695FF8025625BE80001F55D /* StyleExtensions.swift in Sources */ = {isa = PBXBuildFile; fileRef = A695FF7F25625BE80001F55D /* StyleExtensions.swift */; };
		A695FF8325625E600001F55D /* NuemorphicManualImageButton.swift in Sources */ = {isa = PBXBuildFile; fileRef = A695FF8225625E5F0001F55D /* NuemorphicManualImageButton.swift */; };
/* End PBXBuildFile section */

/* Begin PBXFileReference section */
		A695FF67255FA7890001F55D /* Neumorphism.app */ = {isa = PBXFileReference; explicitFileType = wrapper.application; includeInIndex = 0; path = Neumorphism.app; sourceTree = BUILT_PRODUCTS_DIR; };
		A695FF6A255FA7890001F55D /* NeumorphismApp.swift */ = {isa = PBXFileReference; lastKnownFileType = sourcecode.swift; path = NeumorphismApp.swift; sourceTree = "<group>"; };
		A695FF6C255FA7890001F55D /* ContentView.swift */ = {isa = PBXFileReference; lastKnownFileType = sourcecode.swift; path = ContentView.swift; sourceTree = "<group>"; };
		A695FF6E255FA7930001F55D /* Assets.xcassets */ = {isa = PBXFileReference; lastKnownFileType = folder.assetcatalog; path = Assets.xcassets; sourceTree = "<group>"; };
		A695FF71255FA7930001F55D /* Preview Assets.xcassets */ = {isa = PBXFileReference; lastKnownFileType = folder.assetcatalog; path = "Preview Assets.xcassets"; sourceTree = "<group>"; };
		A695FF73255FA7930001F55D /* Info.plist */ = {isa = PBXFileReference; lastKnownFileType = text.plist.xml; path = Info.plist; sourceTree = "<group>"; };
		A695FF7A255FA86C0001F55D /* NeumorphicImageButton.swift */ = {isa = PBXFileReference; lastKnownFileType = sourcecode.swift; path = NeumorphicImageButton.swift; sourceTree = "<group>"; };
		A695FF7F25625BE80001F55D /* StyleExtensions.swift */ = {isa = PBXFileReference; lastKnownFileType = sourcecode.swift; path = StyleExtensions.swift; sourceTree = "<group>"; };
		A695FF8225625E5F0001F55D /* NuemorphicManualImageButton.swift */ = {isa = PBXFileReference; lastKnownFileType = sourcecode.swift; path = NuemorphicManualImageButton.swift; sourceTree = "<group>"; };
/* End PBXFileReference section */

/* Begin PBXFrameworksBuildPhase section */
		A695FF64255FA7890001F55D /* Frameworks */ = {
			isa = PBXFrameworksBuildPhase;
			buildActionMask = 2147483647;
			files = (
			);
			runOnlyForDeploymentPostprocessing = 0;
		};
/* End PBXFrameworksBuildPhase section */

/* Begin PBXGroup section */
		A695FF5E255FA7890001F55D = {
			isa = PBXGroup;
			children = (
				A695FF69255FA7890001F55D /* Neumorphism */,
				A695FF68255FA7890001F55D /* Products */,
			);
			sourceTree = "<group>";
		};
		A695FF68255FA7890001F55D /* Products */ = {
			isa = PBXGroup;
			children = (
				A695FF67255FA7890001F55D /* Neumorphism.app */,
			);
			name = Products;
			sourceTree = "<group>";
		};
		A695FF69255FA7890001F55D /* Neumorphism */ = {
			isa = PBXGroup;
			children = (
				A695FF6A255FA7890001F55D /* NeumorphismApp.swift */,
				A695FF6C255FA7890001F55D /* ContentView.swift */,
				A695FF7A255FA86C0001F55D /* NeumorphicImageButton.swift */,
				A695FF8225625E5F0001F55D /* NuemorphicManualImageButton.swift */,
				A695FF6E255FA7930001F55D /* Assets.xcassets */,
				A695FF73255FA7930001F55D /* Info.plist */,
				A695FF70255FA7930001F55D /* Preview Content */,
				A695FF7F25625BE80001F55D /* StyleExtensions.swift */,
			);
			path = Neumorphism;
			sourceTree = "<group>";
		};
		A695FF70255FA7930001F55D /* Preview Content */ = {
			isa = PBXGroup;
			children = (
				A695FF71255FA7930001F55D /* Preview Assets.xcassets */,
			);
			path = "Preview Content";
			sourceTree = "<group>";
		};
/* End PBXGroup section */

/* Begin PBXNativeTarget section */
		A695FF66255FA7890001F55D /* Neumorphism */ = {
			isa = PBXNativeTarget;
			buildConfigurationList = A695FF76255FA7930001F55D /* Build configuration list for PBXNativeTarget "Neumorphism" */;
			buildPhases = (
				A695FF63255FA7890001F55D /* Sources */,
				A695FF64255FA7890001F55D /* Frameworks */,
				A695FF65255FA7890001F55D /* Resources */,
			);
			buildRules = (
			);
			dependencies = (
			);
			name = Neumorphism;
			productName = Neumorphism;
			productReference = A695FF67255FA7890001F55D /* Neumorphism.app */;
			productType = "com.apple.product-type.application";
		};
/* End PBXNativeTarget section */

/* Begin PBXProject section */
		A695FF5F255FA7890001F55D /* Project object */ = {
			isa = PBXProject;
			attributes = {
				LastSwiftUpdateCheck = 1200;
				LastUpgradeCheck = 1200;
				TargetAttributes = {
					A695FF66255FA7890001F55D = {
						CreatedOnToolsVersion = 12.0;
					};
				};
			};
			buildConfigurationList = A695FF62255FA7890001F55D /* Build configuration list for PBXProject "Neumorphism" */;
			compatibilityVersion = "Xcode 9.3";
			developmentRegion = en;
			hasScannedForEncodings = 0;
			knownRegions = (
				en,
				Base,
			);
			mainGroup = A695FF5E255FA7890001F55D;
			productRefGroup = A695FF68255FA7890001F55D /* Products */;
			projectDirPath = "";
			projectRoot = "";
			targets = (
				A695FF66255FA7890001F55D /* Neumorphism */,
			);
		};
/* End PBXProject section */

/* Begin PBXResourcesBuildPhase section */
		A695FF65255FA7890001F55D /* Resources */ = {
			isa = PBXResourcesBuildPhase;
			buildActionMask = 2147483647;
			files = (
				A695FF72255FA7930001F55D /* Preview Assets.xcassets in Resources */,
				A695FF6F255FA7930001F55D /* Assets.xcassets in Resources */,
			);
			runOnlyForDeploymentPostprocessing = 0;
		};
/* End PBXResourcesBuildPhase section */

/* Begin PBXSourcesBuildPhase section */
		A695FF63255FA7890001F55D /* Sources */ = {
			isa = PBXSourcesBuildPhase;
			buildActionMask = 2147483647;
			files = (
				A695FF6D255FA7890001F55D /* ContentView.swift in Sources */,
				A695FF8025625BE80001F55D /* StyleExtensions.swift in Sources */,
				A695FF7B255FA86C0001F55D /* NeumorphicImageButton.swift in Sources */,
				A695FF6B255FA7890001F55D /* NeumorphismApp.swift in Sources */,
				A695FF8325625E600001F55D /* NuemorphicManualImageButton.swift in Sources */,
			);
			runOnlyForDeploymentPostprocessing = 0;
		};
/* End PBXSourcesBuildPhase section */

/* Begin XCBuildConfiguration section */
		A695FF74255FA7930001F55D /* Debug */ = {
			isa = XCBuildConfiguration;
			buildSettings = {
				ALWAYS_SEARCH_USER_PATHS = NO;
				CLANG_ANALYZER_NONNULL = YES;
				CLANG_ANALYZER_NUMBER_OBJECT_CONVERSION = YES_AGGRESSIVE;
				CLANG_CXX_LANGUAGE_STANDARD = "gnu++14";
				CLANG_CXX_LIBRARY = "libc++";
				CLANG_ENABLE_MODULES = YES;
				CLANG_ENABLE_OBJC_ARC = YES;
				CLANG_ENABLE_OBJC_WEAK = YES;
				CLANG_WARN_BLOCK_CAPTURE_AUTORELEASING = YES;
				CLANG_WARN_BOOL_CONVERSION = YES;
				CLANG_WARN_COMMA = YES;
				CLANG_WARN_CONSTANT_CONVERSION = YES;
				CLANG_WARN_DEPRECATED_OBJC_IMPLEMENTATIONS = YES;
				CLANG_WARN_DIRECT_OBJC_ISA_USAGE = YES_ERROR;
				CLANG_WARN_DOCUMENTATION_COMMENTS = YES;
				CLANG_WARN_EMPTY_BODY = YES;
				CLANG_WARN_ENUM_CONVERSION = YES;
				CLANG_WARN_INFINITE_RECURSION = YES;
				CLANG_WARN_INT_CONVERSION = YES;
				CLANG_WARN_NON_LITERAL_NULL_CONVERSION = YES;
				CLANG_WARN_OBJC_IMPLICIT_RETAIN_SELF = YES;
				CLANG_WARN_OBJC_LITERAL_CONVERSION = YES;
				CLANG_WARN_OBJC_ROOT_CLASS = YES_ERROR;
				CLANG_WARN_QUOTED_INCLUDE_IN_FRAMEWORK_HEADER = YES;
				CLANG_WARN_RANGE_LOOP_ANALYSIS = YES;
				CLANG_WARN_STRICT_PROTOTYPES = YES;
				CLANG_WARN_SUSPICIOUS_MOVE = YES;
				CLANG_WARN_UNGUARDED_AVAILABILITY = YES_AGGRESSIVE;
				CLANG_WARN_UNREACHABLE_CODE = YES;
				CLANG_WARN__DUPLICATE_METHOD_MATCH = YES;
				COPY_PHASE_STRIP = NO;
				DEBUG_INFORMATION_FORMAT = dwarf;
				ENABLE_STRICT_OBJC_MSGSEND = YES;
				ENABLE_TESTABILITY = YES;
				GCC_C_LANGUAGE_STANDARD = gnu11;
				GCC_DYNAMIC_NO_PIC = NO;
				GCC_NO_COMMON_BLOCKS = YES;
				GCC_OPTIMIZATION_LEVEL = 0;
				GCC_PREPROCESSOR_DEFINITIONS = (
					"DEBUG=1",
					"$(inherited)",
				);
				GCC_WARN_64_TO_32_BIT_CONVERSION = YES;
				GCC_WARN_ABOUT_RETURN_TYPE = YES_ERROR;
				GCC_WARN_UNDECLARED_SELECTOR = YES;
				GCC_WARN_UNINITIALIZED_AUTOS = YES_AGGRESSIVE;
				GCC_WARN_UNUSED_FUNCTION = YES;
				GCC_WARN_UNUSED_VARIABLE = YES;
				IPHONEOS_DEPLOYMENT_TARGET = 14.0;
				MTL_ENABLE_DEBUG_INFO = INCLUDE_SOURCE;
				MTL_FAST_MATH = YES;
				ONLY_ACTIVE_ARCH = YES;
				SDKROOT = iphoneos;
				SWIFT_ACTIVE_COMPILATION_CONDITIONS = DEBUG;
				SWIFT_OPTIMIZATION_LEVEL = "-Onone";
			};
			name = Debug;
		};
		A695FF75255FA7930001F55D /* Release */ = {
			isa = XCBuildConfiguration;
			buildSettings = {
				ALWAYS_SEARCH_USER_PATHS = NO;
				CLANG_ANALYZER_NONNULL = YES;
				CLANG_ANALYZER_NUMBER_OBJECT_CONVERSION = YES_AGGRESSIVE;
				CLANG_CXX_LANGUAGE_STANDARD = "gnu++14";
				CLANG_CXX_LIBRARY = "libc++";
				CLANG_ENABLE_MODULES = YES;
				CLANG_ENABLE_OBJC_ARC = YES;
				CLANG_ENABLE_OBJC_WEAK = YES;
				CLANG_WARN_BLOCK_CAPTURE_AUTORELEASING = YES;
				CLANG_WARN_BOOL_CONVERSION = YES;
				CLANG_WARN_COMMA = YES;
				CLANG_WARN_CONSTANT_CONVERSION = YES;
				CLANG_WARN_DEPRECATED_OBJC_IMPLEMENTATIONS = YES;
				CLANG_WARN_DIRECT_OBJC_ISA_USAGE = YES_ERROR;
				CLANG_WARN_DOCUMENTATION_COMMENTS = YES;
				CLANG_WARN_EMPTY_BODY = YES;
				CLANG_WARN_ENUM_CONVERSION = YES;
				CLANG_WARN_INFINITE_RECURSION = YES;
				CLANG_WARN_INT_CONVERSION = YES;
				CLANG_WARN_NON_LITERAL_NULL_CONVERSION = YES;
				CLANG_WARN_OBJC_IMPLICIT_RETAIN_SELF = YES;
				CLANG_WARN_OBJC_LITERAL_CONVERSION = YES;
				CLANG_WARN_OBJC_ROOT_CLASS = YES_ERROR;
				CLANG_WARN_QUOTED_INCLUDE_IN_FRAMEWORK_HEADER = YES;
				CLANG_WARN_RANGE_LOOP_ANALYSIS = YES;
				CLANG_WARN_STRICT_PROTOTYPES = YES;
				CLANG_WARN_SUSPICIOUS_MOVE = YES;
				CLANG_WARN_UNGUARDED_AVAILABILITY = YES_AGGRESSIVE;
				CLANG_WARN_UNREACHABLE_CODE = YES;
				CLANG_WARN__DUPLICATE_METHOD_MATCH = YES;
				COPY_PHASE_STRIP = NO;
				DEBUG_INFORMATION_FORMAT = "dwarf-with-dsym";
				ENABLE_NS_ASSERTIONS = NO;
				ENABLE_STRICT_OBJC_MSGSEND = YES;
				GCC_C_LANGUAGE_STANDARD = gnu11;
				GCC_NO_COMMON_BLOCKS = YES;
				GCC_WARN_64_TO_32_BIT_CONVERSION = YES;
				GCC_WARN_ABOUT_RETURN_TYPE = YES_ERROR;
				GCC_WARN_UNDECLARED_SELECTOR = YES;
				GCC_WARN_UNINITIALIZED_AUTOS = YES_AGGRESSIVE;
				GCC_WARN_UNUSED_FUNCTION = YES;
				GCC_WARN_UNUSED_VARIABLE = YES;
				IPHONEOS_DEPLOYMENT_TARGET = 14.0;
				MTL_ENABLE_DEBUG_INFO = NO;
				MTL_FAST_MATH = YES;
				SDKROOT = iphoneos;
				SWIFT_COMPILATION_MODE = wholemodule;
				SWIFT_OPTIMIZATION_LEVEL = "-O";
				VALIDATE_PRODUCT = YES;
			};
			name = Release;
		};
		A695FF77255FA7930001F55D /* Debug */ = {
			isa = XCBuildConfiguration;
			buildSettings = {
				ASSETCATALOG_COMPILER_APPICON_NAME = AppIcon;
				ASSETCATALOG_COMPILER_GLOBAL_ACCENT_COLOR_NAME = AccentColor;
				CODE_SIGN_STYLE = Automatic;
				DEVELOPMENT_ASSET_PATHS = "\"Neumorphism/Preview Content\"";
				DEVELOPMENT_TEAM = FLZ8CLXX64;
				ENABLE_PREVIEWS = YES;
				INFOPLIST_FILE = Neumorphism/Info.plist;
				IPHONEOS_DEPLOYMENT_TARGET = 14.0;
				LD_RUNPATH_SEARCH_PATHS = (
					"$(inherited)",
					"@executable_path/Frameworks",
				);
				PRODUCT_BUNDLE_IDENTIFIER = com.Neumorphism.gipyokim.Neumorphism;
				PRODUCT_NAME = "$(TARGET_NAME)";
				SWIFT_VERSION = 5.0;
				TARGETED_DEVICE_FAMILY = "1,2";
			};
			name = Debug;
		};
		A695FF78255FA7930001F55D /* Release */ = {
			isa = XCBuildConfiguration;
			buildSettings = {
				ASSETCATALOG_COMPILER_APPICON_NAME = AppIcon;
				ASSETCATALOG_COMPILER_GLOBAL_ACCENT_COLOR_NAME = AccentColor;
				CODE_SIGN_STYLE = Automatic;
				DEVELOPMENT_ASSET_PATHS = "\"Neumorphism/Preview Content\"";
				DEVELOPMENT_TEAM = FLZ8CLXX64;
				ENABLE_PREVIEWS = YES;
				INFOPLIST_FILE = Neumorphism/Info.plist;
				IPHONEOS_DEPLOYMENT_TARGET = 14.0;
				LD_RUNPATH_SEARCH_PATHS = (
					"$(inherited)",
					"@executable_path/Frameworks",
				);
				PRODUCT_BUNDLE_IDENTIFIER = com.Neumorphism.gipyokim.Neumorphism;
				PRODUCT_NAME = "$(TARGET_NAME)";
				SWIFT_VERSION = 5.0;
				TARGETED_DEVICE_FAMILY = "1,2";
			};
			name = Release;
		};
/* End XCBuildConfiguration section */

/* Begin XCConfigurationList section */
		A695FF62255FA7890001F55D /* Build configuration list for PBXProject "Neumorphism" */ = {
			isa = XCConfigurationList;
			buildConfigurations = (
				A695FF74255FA7930001F55D /* Debug */,
				A695FF75255FA7930001F55D /* Release */,
			);
			defaultConfigurationIsVisible = 0;
			defaultConfigurationName = Release;
		};
		A695FF76255FA7930001F55D /* Build configuration list for PBXNativeTarget "Neumorphism" */ = {
			isa = XCConfigurationList;
			buildConfigurations = (
				A695FF77255FA7930001F55D /* Debug */,
				A695FF78255FA7930001F55D /* Release */,
			);
			defaultConfigurationIsVisible = 0;
			defaultConfigurationName = Release;
		};
/* End XCConfigurationList section */
	};
	rootObject = A695FF5F255FA7890001F55D /* Project object */;
}
